
Microsoft Visual Studio Solution File, Format Version 12.00
# Visual Studio Version 17
VisualStudioVersion = 17.7.34302.85
MinimumVisualStudioVersion = 10.0.40219.1
Project("{FAE04EC0-301F-11D3-BF4B-00C04F79EFBC}") = "TrePåRad", "TrePåRad\TrePåRad.csproj", "{1CBC8B84-4865-429B-AEC8-1F4EC255B43B}"
EndProject
Global
	GlobalSection(SolutionConfigurationPlatforms) = preSolution
		Debug|Any CPU = Debug|Any CPU
		Release|Any CPU = Release|Any CPU
	EndGlobalSection
	GlobalSection(ProjectConfigurationPlatforms) = postSolution
		{1CBC8B84-4865-429B-AEC8-1F4EC255B43B}.Debug|Any CPU.ActiveCfg = Debug|Any CPU
		{1CBC8B84-4865-429B-AEC8-1F4EC255B43B}.Debug|Any CPU.Build.0 = Debug|Any CPU
		{1CBC8B84-4865-429B-AEC8-1F4EC255B43B}.Release|Any CPU.ActiveCfg = Release|Any CPU
		{1CBC8B84-4865-429B-AEC8-1F4EC255B43B}.Release|Any CPU.Build.0 = Release|Any CPU
	EndGlobalSection
	GlobalSection(SolutionProperties) = preSolution
		HideSolutionNode = FALSE
	EndGlobalSection
	GlobalSection(ExtensibilityGlobals) = postSolution
		SolutionGuid = {F8DA4876-DB1F-4A2D-9D92-EB4430ABEB29}
	EndGlobalSection
EndGlobal
